// !$*UTF8*$!
{
	archiveVersion = 1;
	classes = {
	};
	objectVersion = 51;
	objects = {

/* Begin PBXBuildFile section */
		0748D931F9ABAEFBDC950A52 /* Pods_DREAM_CATCHTests.framework in Frameworks */ = {isa = PBXBuildFile; fileRef = 9A57154D5498B7EAA9400C9E /* Pods_DREAM_CATCHTests.framework */; };
		79F8347913F4EC8546D47F88 /* Pods_DREAM_CATCH_DREAM_CATCHUITests.framework in Frameworks */ = {isa = PBXBuildFile; fileRef = F50853301C02A5B639E3CBA8 /* Pods_DREAM_CATCH_DREAM_CATCHUITests.framework */; };
		9DACA23F9974A54EB2FB013D /* Pods_DREAM_CATCH.framework in Frameworks */ = {isa = PBXBuildFile; fileRef = 03B45FA2A2C2BE720C276EB2 /* Pods_DREAM_CATCH.framework */; };
		B050E745263D25650056B661 /* QuotationsViewController.swift in Sources */ = {isa = PBXBuildFile; fileRef = B050E744263D25650056B661 /* QuotationsViewController.swift */; };
		B0827B982636593800F02744 /* AppDelegate.swift in Sources */ = {isa = PBXBuildFile; fileRef = B0827B972636593800F02744 /* AppDelegate.swift */; };
		B0827B9A2636593800F02744 /* SceneDelegate.swift in Sources */ = {isa = PBXBuildFile; fileRef = B0827B992636593800F02744 /* SceneDelegate.swift */; };
		B0827B9C2636593800F02744 /* ViewController.swift in Sources */ = {isa = PBXBuildFile; fileRef = B0827B9B2636593800F02744 /* ViewController.swift */; };
		B0827B9F2636593800F02744 /* Main.storyboard in Resources */ = {isa = PBXBuildFile; fileRef = B0827B9D2636593800F02744 /* Main.storyboard */; };
		B0827BA12636593C00F02744 /* Assets.xcassets in Resources */ = {isa = PBXBuildFile; fileRef = B0827BA02636593C00F02744 /* Assets.xcassets */; };
		B0827BA42636593C00F02744 /* LaunchScreen.storyboard in Resources */ = {isa = PBXBuildFile; fileRef = B0827BA22636593C00F02744 /* LaunchScreen.storyboard */; };
		B0827BAF2636593C00F02744 /* DREAM_CATCHTests.swift in Sources */ = {isa = PBXBuildFile; fileRef = B0827BAE2636593C00F02744 /* DREAM_CATCHTests.swift */; };
		B0827BBA2636593C00F02744 /* DREAM_CATCHUITests.swift in Sources */ = {isa = PBXBuildFile; fileRef = B0827BB92636593C00F02744 /* DREAM_CATCHUITests.swift */; };
		B08575D72637AB0500583DCE /* DreamViewController.swift in Sources */ = {isa = PBXBuildFile; fileRef = B08575D62637AB0500583DCE /* DreamViewController.swift */; };
		B08575DC2637AC4E00583DCE /* WhatViewController.swift in Sources */ = {isa = PBXBuildFile; fileRef = B08575DB2637AC4E00583DCE /* WhatViewController.swift */; };
		B08575E12637AC7600583DCE /* WantViewController.swift in Sources */ = {isa = PBXBuildFile; fileRef = B08575E02637AC7600583DCE /* WantViewController.swift */; };
		B0AA193626391D0E0064E637 /* YoutubeListViewController.swift in Sources */ = {isa = PBXBuildFile; fileRef = B0AA193526391D0E0064E637 /* YoutubeListViewController.swift */; };
		B0AA193C263928290064E637 /* VideoListCell.swift in Sources */ = {isa = PBXBuildFile; fileRef = B0AA193B263928290064E637 /* VideoListCell.swift */; };
		B0AA194526392A000064E637 /* VideoListCell.xib in Resources */ = {isa = PBXBuildFile; fileRef = B0AA194426392A000064E637 /* VideoListCell.xib */; };
		B0AA195526393BC70064E637 /* Video.swift in Sources */ = {isa = PBXBuildFile; fileRef = B0AA195426393BC70064E637 /* Video.swift */; };
		B0AA196526394B240064E637 /* Channel.swift in Sources */ = {isa = PBXBuildFile; fileRef = B0AA196426394B240064E637 /* Channel.swift */; };
		B0AA196B2639723E0064E637 /* API.swift in Sources */ = {isa = PBXBuildFile; fileRef = B0AA196A2639723E0064E637 /* API.swift */; };
		B0AA19A9263A8F010064E637 /* AttentionCell.swift in Sources */ = {isa = PBXBuildFile; fileRef = B0AA19A8263A8F010064E637 /* AttentionCell.swift */; };
		B0AA19AE263A99970064E637 /* AttentionCollectionViewCell.swift in Sources */ = {isa = PBXBuildFile; fileRef = B0AA19AD263A99960064E637 /* AttentionCollectionViewCell.swift */; };
		B0AA19B3263A9A3E0064E637 /* AttentionCollectionViewCell.xib in Resources */ = {isa = PBXBuildFile; fileRef = B0AA19B2263A9A3E0064E637 /* AttentionCollectionViewCell.xib */; };
		B0AA19C8263AA8440064E637 /* YoutubeViewController.swift in Sources */ = {isa = PBXBuildFile; fileRef = B0AA19C7263AA8440064E637 /* YoutubeViewController.swift */; };
		B0AA19D8263AA9420064E637 /* Youtube.storyboard in Resources */ = {isa = PBXBuildFile; fileRef = B0AA19D7263AA9420064E637 /* Youtube.storyboard */; };
		B0F7F7B6263C1A3D00F33063 /* SearchViewController.swift in Sources */ = {isa = PBXBuildFile; fileRef = B0F7F7B5263C1A3C00F33063 /* SearchViewController.swift */; };
/* End PBXBuildFile section */

/* Begin PBXContainerItemProxy section */
		B0827BAB2636593C00F02744 /* PBXContainerItemProxy */ = {
			isa = PBXContainerItemProxy;
			containerPortal = B0827B8C2636593800F02744 /* Project object */;
			proxyType = 1;
			remoteGlobalIDString = B0827B932636593800F02744;
			remoteInfo = "DREAM CATCH";
		};
		B0827BB62636593C00F02744 /* PBXContainerItemProxy */ = {
			isa = PBXContainerItemProxy;
			containerPortal = B0827B8C2636593800F02744 /* Project object */;
			proxyType = 1;
			remoteGlobalIDString = B0827B932636593800F02744;
			remoteInfo = "DREAM CATCH";
		};
/* End PBXContainerItemProxy section */

/* Begin PBXFileReference section */
		03B45FA2A2C2BE720C276EB2 /* Pods_DREAM_CATCH.framework */ = {isa = PBXFileReference; explicitFileType = wrapper.framework; includeInIndex = 0; path = Pods_DREAM_CATCH.framework; sourceTree = BUILT_PRODUCTS_DIR; };
		17297EB6B4EE0ECACD811943 /* Pods-DREAM CATCHTests.debug.xcconfig */ = {isa = PBXFileReference; includeInIndex = 1; lastKnownFileType = text.xcconfig; name = "Pods-DREAM CATCHTests.debug.xcconfig"; path = "Target Support Files/Pods-DREAM CATCHTests/Pods-DREAM CATCHTests.debug.xcconfig"; sourceTree = "<group>"; };
		4054FF994EC3E54AA204D79B /* Pods-DREAM CATCH.release.xcconfig */ = {isa = PBXFileReference; includeInIndex = 1; lastKnownFileType = text.xcconfig; name = "Pods-DREAM CATCH.release.xcconfig"; path = "Target Support Files/Pods-DREAM CATCH/Pods-DREAM CATCH.release.xcconfig"; sourceTree = "<group>"; };
		4BF725FA12BF5D5364370114 /* Pods-DREAM CATCH-DREAM CATCHUITests.debug.xcconfig */ = {isa = PBXFileReference; includeInIndex = 1; lastKnownFileType = text.xcconfig; name = "Pods-DREAM CATCH-DREAM CATCHUITests.debug.xcconfig"; path = "Target Support Files/Pods-DREAM CATCH-DREAM CATCHUITests/Pods-DREAM CATCH-DREAM CATCHUITests.debug.xcconfig"; sourceTree = "<group>"; };
		4F4F3BCAEF6307609512AC1F /* Pods-DREAM CATCH.debug.xcconfig */ = {isa = PBXFileReference; includeInIndex = 1; lastKnownFileType = text.xcconfig; name = "Pods-DREAM CATCH.debug.xcconfig"; path = "Target Support Files/Pods-DREAM CATCH/Pods-DREAM CATCH.debug.xcconfig"; sourceTree = "<group>"; };
		8FF650E054E610819F5D5444 /* Pods-DREAM CATCH-DREAM CATCHUITests.release.xcconfig */ = {isa = PBXFileReference; includeInIndex = 1; lastKnownFileType = text.xcconfig; name = "Pods-DREAM CATCH-DREAM CATCHUITests.release.xcconfig"; path = "Target Support Files/Pods-DREAM CATCH-DREAM CATCHUITests/Pods-DREAM CATCH-DREAM CATCHUITests.release.xcconfig"; sourceTree = "<group>"; };
		9A57154D5498B7EAA9400C9E /* Pods_DREAM_CATCHTests.framework */ = {isa = PBXFileReference; explicitFileType = wrapper.framework; includeInIndex = 0; path = Pods_DREAM_CATCHTests.framework; sourceTree = BUILT_PRODUCTS_DIR; };
		B050E744263D25650056B661 /* QuotationsViewController.swift */ = {isa = PBXFileReference; lastKnownFileType = sourcecode.swift; path = QuotationsViewController.swift; sourceTree = "<group>"; };
		B0827B942636593800F02744 /* DREAM CATCH.app */ = {isa = PBXFileReference; explicitFileType = wrapper.application; includeInIndex = 0; path = "DREAM CATCH.app"; sourceTree = BUILT_PRODUCTS_DIR; };
		B0827B972636593800F02744 /* AppDelegate.swift */ = {isa = PBXFileReference; lastKnownFileType = sourcecode.swift; path = AppDelegate.swift; sourceTree = "<group>"; };
		B0827B992636593800F02744 /* SceneDelegate.swift */ = {isa = PBXFileReference; lastKnownFileType = sourcecode.swift; path = SceneDelegate.swift; sourceTree = "<group>"; };
		B0827B9B2636593800F02744 /* ViewController.swift */ = {isa = PBXFileReference; lastKnownFileType = sourcecode.swift; path = ViewController.swift; sourceTree = "<group>"; };
		B0827B9E2636593800F02744 /* Base */ = {isa = PBXFileReference; lastKnownFileType = file.storyboard; name = Base; path = Base.lproj/Main.storyboard; sourceTree = "<group>"; };
		B0827BA02636593C00F02744 /* Assets.xcassets */ = {isa = PBXFileReference; lastKnownFileType = folder.assetcatalog; path = Assets.xcassets; sourceTree = "<group>"; };
		B0827BA32636593C00F02744 /* Base */ = {isa = PBXFileReference; lastKnownFileType = file.storyboard; name = Base; path = Base.lproj/LaunchScreen.storyboard; sourceTree = "<group>"; };
		B0827BA52636593C00F02744 /* Info.plist */ = {isa = PBXFileReference; lastKnownFileType = text.plist.xml; path = Info.plist; sourceTree = "<group>"; };
		B0827BAA2636593C00F02744 /* DREAM CATCHTests.xctest */ = {isa = PBXFileReference; explicitFileType = wrapper.cfbundle; includeInIndex = 0; path = "DREAM CATCHTests.xctest"; sourceTree = BUILT_PRODUCTS_DIR; };
		B0827BAE2636593C00F02744 /* DREAM_CATCHTests.swift */ = {isa = PBXFileReference; lastKnownFileType = sourcecode.swift; path = DREAM_CATCHTests.swift; sourceTree = "<group>"; };
		B0827BB02636593C00F02744 /* Info.plist */ = {isa = PBXFileReference; lastKnownFileType = text.plist.xml; path = Info.plist; sourceTree = "<group>"; };
		B0827BB52636593C00F02744 /* DREAM CATCHUITests.xctest */ = {isa = PBXFileReference; explicitFileType = wrapper.cfbundle; includeInIndex = 0; path = "DREAM CATCHUITests.xctest"; sourceTree = BUILT_PRODUCTS_DIR; };
		B0827BB92636593C00F02744 /* DREAM_CATCHUITests.swift */ = {isa = PBXFileReference; lastKnownFileType = sourcecode.swift; path = DREAM_CATCHUITests.swift; sourceTree = "<group>"; };
		B0827BBB2636593C00F02744 /* Info.plist */ = {isa = PBXFileReference; lastKnownFileType = text.plist.xml; path = Info.plist; sourceTree = "<group>"; };
		B08575D62637AB0500583DCE /* DreamViewController.swift */ = {isa = PBXFileReference; lastKnownFileType = sourcecode.swift; path = DreamViewController.swift; sourceTree = "<group>"; };
		B08575DB2637AC4E00583DCE /* WhatViewController.swift */ = {isa = PBXFileReference; lastKnownFileType = sourcecode.swift; path = WhatViewController.swift; sourceTree = "<group>"; };
		B08575E02637AC7600583DCE /* WantViewController.swift */ = {isa = PBXFileReference; lastKnownFileType = sourcecode.swift; path = WantViewController.swift; sourceTree = "<group>"; };
		B0AA193526391D0E0064E637 /* YoutubeListViewController.swift */ = {isa = PBXFileReference; lastKnownFileType = sourcecode.swift; path = YoutubeListViewController.swift; sourceTree = "<group>"; };
		B0AA193B263928290064E637 /* VideoListCell.swift */ = {isa = PBXFileReference; lastKnownFileType = sourcecode.swift; path = VideoListCell.swift; sourceTree = "<group>"; };
		B0AA194426392A000064E637 /* VideoListCell.xib */ = {isa = PBXFileReference; lastKnownFileType = file.xib; path = VideoListCell.xib; sourceTree = "<group>"; };
		B0AA195426393BC70064E637 /* Video.swift */ = {isa = PBXFileReference; lastKnownFileType = sourcecode.swift; path = Video.swift; sourceTree = "<group>"; };
		B0AA196426394B240064E637 /* Channel.swift */ = {isa = PBXFileReference; lastKnownFileType = sourcecode.swift; path = Channel.swift; sourceTree = "<group>"; };
		B0AA196A2639723E0064E637 /* API.swift */ = {isa = PBXFileReference; lastKnownFileType = sourcecode.swift; path = API.swift; sourceTree = "<group>"; };
		B0AA19A8263A8F010064E637 /* AttentionCell.swift */ = {isa = PBXFileReference; lastKnownFileType = sourcecode.swift; path = AttentionCell.swift; sourceTree = "<group>"; };
		B0AA19AD263A99960064E637 /* AttentionCollectionViewCell.swift */ = {isa = PBXFileReference; lastKnownFileType = sourcecode.swift; path = AttentionCollectionViewCell.swift; sourceTree = "<group>"; };
		B0AA19B2263A9A3E0064E637 /* AttentionCollectionViewCell.xib */ = {isa = PBXFileReference; lastKnownFileType = file.xib; path = AttentionCollectionViewCell.xib; sourceTree = "<group>"; };
		B0AA19C7263AA8440064E637 /* YoutubeViewController.swift */ = {isa = PBXFileReference; lastKnownFileType = sourcecode.swift; path = YoutubeViewController.swift; sourceTree = "<group>"; };
		B0AA19D7263AA9420064E637 /* Youtube.storyboard */ = {isa = PBXFileReference; lastKnownFileType = file.storyboard; path = Youtube.storyboard; sourceTree = "<group>"; };
		B0F7F7B5263C1A3C00F33063 /* SearchViewController.swift */ = {isa = PBXFileReference; lastKnownFileType = sourcecode.swift; path = SearchViewController.swift; sourceTree = "<group>"; };
		E1D3311B45509379D8378199 /* Pods-DREAM CATCHTests.release.xcconfig */ = {isa = PBXFileReference; includeInIndex = 1; lastKnownFileType = text.xcconfig; name = "Pods-DREAM CATCHTests.release.xcconfig"; path = "Target Support Files/Pods-DREAM CATCHTests/Pods-DREAM CATCHTests.release.xcconfig"; sourceTree = "<group>"; };
		F50853301C02A5B639E3CBA8 /* Pods_DREAM_CATCH_DREAM_CATCHUITests.framework */ = {isa = PBXFileReference; explicitFileType = wrapper.framework; includeInIndex = 0; path = Pods_DREAM_CATCH_DREAM_CATCHUITests.framework; sourceTree = BUILT_PRODUCTS_DIR; };
/* End PBXFileReference section */

/* Begin PBXFrameworksBuildPhase section */
		B0827B912636593800F02744 /* Frameworks */ = {
			isa = PBXFrameworksBuildPhase;
			buildActionMask = 2147483647;
			files = (
				9DACA23F9974A54EB2FB013D /* Pods_DREAM_CATCH.framework in Frameworks */,
			);
			runOnlyForDeploymentPostprocessing = 0;
		};
		B0827BA72636593C00F02744 /* Frameworks */ = {
			isa = PBXFrameworksBuildPhase;
			buildActionMask = 2147483647;
			files = (
				0748D931F9ABAEFBDC950A52 /* Pods_DREAM_CATCHTests.framework in Frameworks */,
			);
			runOnlyForDeploymentPostprocessing = 0;
		};
		B0827BB22636593C00F02744 /* Frameworks */ = {
			isa = PBXFrameworksBuildPhase;
			buildActionMask = 2147483647;
			files = (
				79F8347913F4EC8546D47F88 /* Pods_DREAM_CATCH_DREAM_CATCHUITests.framework in Frameworks */,
			);
			runOnlyForDeploymentPostprocessing = 0;
		};
/* End PBXFrameworksBuildPhase section */

/* Begin PBXGroup section */
		3CAAF4C2C26AE48FE27F7098 /* Frameworks */ = {
			isa = PBXGroup;
			children = (
				03B45FA2A2C2BE720C276EB2 /* Pods_DREAM_CATCH.framework */,
				F50853301C02A5B639E3CBA8 /* Pods_DREAM_CATCH_DREAM_CATCHUITests.framework */,
				9A57154D5498B7EAA9400C9E /* Pods_DREAM_CATCHTests.framework */,
			);
			name = Frameworks;
			sourceTree = "<group>";
		};
		B0827B8B2636593800F02744 = {
			isa = PBXGroup;
			children = (
				B0827B962636593800F02744 /* DREAM CATCH */,
				B0827BAD2636593C00F02744 /* DREAM CATCHTests */,
				B0827BB82636593C00F02744 /* DREAM CATCHUITests */,
				B0827B952636593800F02744 /* Products */,
				C2F476E7D5D1FC7C4CC9B88D /* Pods */,
				3CAAF4C2C26AE48FE27F7098 /* Frameworks */,
			);
			sourceTree = "<group>";
		};
		B0827B952636593800F02744 /* Products */ = {
			isa = PBXGroup;
			children = (
				B0827B942636593800F02744 /* DREAM CATCH.app */,
				B0827BAA2636593C00F02744 /* DREAM CATCHTests.xctest */,
				B0827BB52636593C00F02744 /* DREAM CATCHUITests.xctest */,
			);
			name = Products;
			sourceTree = "<group>";
		};
		B0827B962636593800F02744 /* DREAM CATCH */ = {
			isa = PBXGroup;
			children = (
				B0AA1969263971A20064E637 /* Servise */,
				B0AA195326393B8F0064E637 /* Models */,
				B0AA1943263929A60064E637 /* xibs */,
				B0AA193A263927CA0064E637 /* Cells */,
				B0827B972636593800F02744 /* AppDelegate.swift */,
				B0827B992636593800F02744 /* SceneDelegate.swift */,
				B0827B9B2636593800F02744 /* ViewController.swift */,
				B08575D62637AB0500583DCE /* DreamViewController.swift */,
				B08575DB2637AC4E00583DCE /* WhatViewController.swift */,
				B08575E02637AC7600583DCE /* WantViewController.swift */,
				B0AA193526391D0E0064E637 /* YoutubeListViewController.swift */,
				B0AA19C7263AA8440064E637 /* YoutubeViewController.swift */,
				B0F7F7B5263C1A3C00F33063 /* SearchViewController.swift */,
				B050E744263D25650056B661 /* QuotationsViewController.swift */,
				B0827BA22636593C00F02744 /* LaunchScreen.storyboard */,
				B0827B9D2636593800F02744 /* Main.storyboard */,
				B0AA19D7263AA9420064E637 /* Youtube.storyboard */,
				B0827BA02636593C00F02744 /* Assets.xcassets */,
				B0827BA52636593C00F02744 /* Info.plist */,
			);
			path = "DREAM CATCH";
			sourceTree = "<group>";
		};
		B0827BAD2636593C00F02744 /* DREAM CATCHTests */ = {
			isa = PBXGroup;
			children = (
				B0827BAE2636593C00F02744 /* DREAM_CATCHTests.swift */,
				B0827BB02636593C00F02744 /* Info.plist */,
			);
			path = "DREAM CATCHTests";
			sourceTree = "<group>";
		};
		B0827BB82636593C00F02744 /* DREAM CATCHUITests */ = {
			isa = PBXGroup;
			children = (
				B0827BB92636593C00F02744 /* DREAM_CATCHUITests.swift */,
				B0827BBB2636593C00F02744 /* Info.plist */,
			);
			path = "DREAM CATCHUITests";
			sourceTree = "<group>";
		};
		B0AA193A263927CA0064E637 /* Cells */ = {
			isa = PBXGroup;
			children = (
				B0AA193B263928290064E637 /* VideoListCell.swift */,
				B0AA19A8263A8F010064E637 /* AttentionCell.swift */,
				B0AA19AD263A99960064E637 /* AttentionCollectionViewCell.swift */,
			);
			path = Cells;
			sourceTree = "<group>";
		};
		B0AA1943263929A60064E637 /* xibs */ = {
			isa = PBXGroup;
			children = (
				B0AA194426392A000064E637 /* VideoListCell.xib */,
				B0AA19B2263A9A3E0064E637 /* AttentionCollectionViewCell.xib */,
			);
			path = xibs;
			sourceTree = "<group>";
		};
		B0AA195326393B8F0064E637 /* Models */ = {
			isa = PBXGroup;
			children = (
				B0AA195426393BC70064E637 /* Video.swift */,
				B0AA196426394B240064E637 /* Channel.swift */,
			);
			path = Models;
			sourceTree = "<group>";
		};
		B0AA1969263971A20064E637 /* Servise */ = {
			isa = PBXGroup;
			children = (
				B0AA196A2639723E0064E637 /* API.swift */,
			);
			path = Servise;
			sourceTree = "<group>";
		};
		C2F476E7D5D1FC7C4CC9B88D /* Pods */ = {
			isa = PBXGroup;
			children = (
				4F4F3BCAEF6307609512AC1F /* Pods-DREAM CATCH.debug.xcconfig */,
				4054FF994EC3E54AA204D79B /* Pods-DREAM CATCH.release.xcconfig */,
				4BF725FA12BF5D5364370114 /* Pods-DREAM CATCH-DREAM CATCHUITests.debug.xcconfig */,
				8FF650E054E610819F5D5444 /* Pods-DREAM CATCH-DREAM CATCHUITests.release.xcconfig */,
				17297EB6B4EE0ECACD811943 /* Pods-DREAM CATCHTests.debug.xcconfig */,
				E1D3311B45509379D8378199 /* Pods-DREAM CATCHTests.release.xcconfig */,
			);
			path = Pods;
			sourceTree = "<group>";
		};
/* End PBXGroup section */

/* Begin PBXNativeTarget section */
		B0827B932636593800F02744 /* DREAM CATCH */ = {
			isa = PBXNativeTarget;
			buildConfigurationList = B0827BBE2636593C00F02744 /* Build configuration list for PBXNativeTarget "DREAM CATCH" */;
			buildPhases = (
				95FE07185CF429A1B4DEF077 /* [CP] Check Pods Manifest.lock */,
				B0827B902636593800F02744 /* Sources */,
				B0827B912636593800F02744 /* Frameworks */,
				B0827B922636593800F02744 /* Resources */,
				41649430FEA7FB5291D4A618 /* [CP] Embed Pods Frameworks */,
			);
			buildRules = (
			);
			dependencies = (
			);
			name = "DREAM CATCH";
			productName = "DREAM CATCH";
			productReference = B0827B942636593800F02744 /* DREAM CATCH.app */;
			productType = "com.apple.product-type.application";
		};
		B0827BA92636593C00F02744 /* DREAM CATCHTests */ = {
			isa = PBXNativeTarget;
			buildConfigurationList = B0827BC12636593C00F02744 /* Build configuration list for PBXNativeTarget "DREAM CATCHTests" */;
			buildPhases = (
				B8EE68D123876468C0372FF6 /* [CP] Check Pods Manifest.lock */,
				B0827BA62636593C00F02744 /* Sources */,
				B0827BA72636593C00F02744 /* Frameworks */,
				B0827BA82636593C00F02744 /* Resources */,
			);
			buildRules = (
			);
			dependencies = (
				B0827BAC2636593C00F02744 /* PBXTargetDependency */,
			);
			name = "DREAM CATCHTests";
			productName = "DREAM CATCHTests";
			productReference = B0827BAA2636593C00F02744 /* DREAM CATCHTests.xctest */;
			productType = "com.apple.product-type.bundle.unit-test";
		};
		B0827BB42636593C00F02744 /* DREAM CATCHUITests */ = {
			isa = PBXNativeTarget;
			buildConfigurationList = B0827BC42636593C00F02744 /* Build configuration list for PBXNativeTarget "DREAM CATCHUITests" */;
			buildPhases = (
				14509CD0EF6D0322FF311BA9 /* [CP] Check Pods Manifest.lock */,
				B0827BB12636593C00F02744 /* Sources */,
				B0827BB22636593C00F02744 /* Frameworks */,
				B0827BB32636593C00F02744 /* Resources */,
				7941116E0BAA5EFDBF4348CC /* [CP] Embed Pods Frameworks */,
			);
			buildRules = (
			);
			dependencies = (
				B0827BB72636593C00F02744 /* PBXTargetDependency */,
			);
			name = "DREAM CATCHUITests";
			productName = "DREAM CATCHUITests";
			productReference = B0827BB52636593C00F02744 /* DREAM CATCHUITests.xctest */;
			productType = "com.apple.product-type.bundle.ui-testing";
		};
/* End PBXNativeTarget section */

/* Begin PBXProject section */
		B0827B8C2636593800F02744 /* Project object */ = {
			isa = PBXProject;
			attributes = {
				LastSwiftUpdateCheck = 1240;
				LastUpgradeCheck = 1240;
				TargetAttributes = {
					B0827B932636593800F02744 = {
						CreatedOnToolsVersion = 12.4;
					};
					B0827BA92636593C00F02744 = {
						CreatedOnToolsVersion = 12.4;
						TestTargetID = B0827B932636593800F02744;
					};
					B0827BB42636593C00F02744 = {
						CreatedOnToolsVersion = 12.4;
						TestTargetID = B0827B932636593800F02744;
					};
				};
			};
			buildConfigurationList = B0827B8F2636593800F02744 /* Build configuration list for PBXProject "DREAM CATCH" */;
			compatibilityVersion = "Xcode 9.3";
			developmentRegion = en;
			hasScannedForEncodings = 0;
			knownRegions = (
				en,
				Base,
			);
			mainGroup = B0827B8B2636593800F02744;
			productRefGroup = B0827B952636593800F02744 /* Products */;
			projectDirPath = "";
			projectRoot = "";
			targets = (
				B0827B932636593800F02744 /* DREAM CATCH */,
				B0827BA92636593C00F02744 /* DREAM CATCHTests */,
				B0827BB42636593C00F02744 /* DREAM CATCHUITests */,
			);
		};
/* End PBXProject section */

/* Begin PBXResourcesBuildPhase section */
		B0827B922636593800F02744 /* Resources */ = {
			isa = PBXResourcesBuildPhase;
			buildActionMask = 2147483647;
			files = (
				B0827BA42636593C00F02744 /* LaunchScreen.storyboard in Resources */,
				B0AA194526392A000064E637 /* VideoListCell.xib in Resources */,
				B0827BA12636593C00F02744 /* Assets.xcassets in Resources */,
				B0AA19B3263A9A3E0064E637 /* AttentionCollectionViewCell.xib in Resources */,
				B0827B9F2636593800F02744 /* Main.storyboard in Resources */,
				B0AA19D8263AA9420064E637 /* Youtube.storyboard in Resources */,
			);
			runOnlyForDeploymentPostprocessing = 0;
		};
		B0827BA82636593C00F02744 /* Resources */ = {
			isa = PBXResourcesBuildPhase;
			buildActionMask = 2147483647;
			files = (
			);
			runOnlyForDeploymentPostprocessing = 0;
		};
		B0827BB32636593C00F02744 /* Resources */ = {
			isa = PBXResourcesBuildPhase;
			buildActionMask = 2147483647;
			files = (
			);
			runOnlyForDeploymentPostprocessing = 0;
		};
/* End PBXResourcesBuildPhase section */

/* Begin PBXShellScriptBuildPhase section */
		14509CD0EF6D0322FF311BA9 /* [CP] Check Pods Manifest.lock */ = {
			isa = PBXShellScriptBuildPhase;
			buildActionMask = 2147483647;
			files = (
			);
			inputFileListPaths = (
			);
			inputPaths = (
				"${PODS_PODFILE_DIR_PATH}/Podfile.lock",
				"${PODS_ROOT}/Manifest.lock",
			);
			name = "[CP] Check Pods Manifest.lock";
			outputFileListPaths = (
			);
			outputPaths = (
				"$(DERIVED_FILE_DIR)/Pods-DREAM CATCH-DREAM CATCHUITests-checkManifestLockResult.txt",
			);
			runOnlyForDeploymentPostprocessing = 0;
			shellPath = /bin/sh;
			shellScript = "diff \"${PODS_PODFILE_DIR_PATH}/Podfile.lock\" \"${PODS_ROOT}/Manifest.lock\" > /dev/null\nif [ $? != 0 ] ; then\n    # print error to STDERR\n    echo \"error: The sandbox is not in sync with the Podfile.lock. Run 'pod install' or update your CocoaPods installation.\" >&2\n    exit 1\nfi\n# This output is used by Xcode 'outputs' to avoid re-running this script phase.\necho \"SUCCESS\" > \"${SCRIPT_OUTPUT_FILE_0}\"\n";
			showEnvVarsInLog = 0;
		};
		41649430FEA7FB5291D4A618 /* [CP] Embed Pods Frameworks */ = {
			isa = PBXShellScriptBuildPhase;
			buildActionMask = 2147483647;
			files = (
			);
			inputFileListPaths = (
				"${PODS_ROOT}/Target Support Files/Pods-DREAM CATCH/Pods-DREAM CATCH-frameworks-${CONFIGURATION}-input-files.xcfilelist",
			);
			name = "[CP] Embed Pods Frameworks";
			outputFileListPaths = (
				"${PODS_ROOT}/Target Support Files/Pods-DREAM CATCH/Pods-DREAM CATCH-frameworks-${CONFIGURATION}-output-files.xcfilelist",
			);
			runOnlyForDeploymentPostprocessing = 0;
			shellPath = /bin/sh;
			shellScript = "\"${PODS_ROOT}/Target Support Files/Pods-DREAM CATCH/Pods-DREAM CATCH-frameworks.sh\"\n";
			showEnvVarsInLog = 0;
		};
		7941116E0BAA5EFDBF4348CC /* [CP] Embed Pods Frameworks */ = {
			isa = PBXShellScriptBuildPhase;
			buildActionMask = 2147483647;
			files = (
			);
			inputFileListPaths = (
				"${PODS_ROOT}/Target Support Files/Pods-DREAM CATCH-DREAM CATCHUITests/Pods-DREAM CATCH-DREAM CATCHUITests-frameworks-${CONFIGURATION}-input-files.xcfilelist",
			);
			name = "[CP] Embed Pods Frameworks";
			outputFileListPaths = (
				"${PODS_ROOT}/Target Support Files/Pods-DREAM CATCH-DREAM CATCHUITests/Pods-DREAM CATCH-DREAM CATCHUITests-frameworks-${CONFIGURATION}-output-files.xcfilelist",
			);
			runOnlyForDeploymentPostprocessing = 0;
			shellPath = /bin/sh;
			shellScript = "\"${PODS_ROOT}/Target Support Files/Pods-DREAM CATCH-DREAM CATCHUITests/Pods-DREAM CATCH-DREAM CATCHUITests-frameworks.sh\"\n";
			showEnvVarsInLog = 0;
		};
		95FE07185CF429A1B4DEF077 /* [CP] Check Pods Manifest.lock */ = {
			isa = PBXShellScriptBuildPhase;
			buildActionMask = 2147483647;
			files = (
			);
			inputFileListPaths = (
			);
			inputPaths = (
				"${PODS_PODFILE_DIR_PATH}/Podfile.lock",
				"${PODS_ROOT}/Manifest.lock",
			);
			name = "[CP] Check Pods Manifest.lock";
			outputFileListPaths = (
			);
			outputPaths = (
				"$(DERIVED_FILE_DIR)/Pods-DREAM CATCH-checkManifestLockResult.txt",
			);
			runOnlyForDeploymentPostprocessing = 0;
			shellPath = /bin/sh;
			shellScript = "diff \"${PODS_PODFILE_DIR_PATH}/Podfile.lock\" \"${PODS_ROOT}/Manifest.lock\" > /dev/null\nif [ $? != 0 ] ; then\n    # print error to STDERR\n    echo \"error: The sandbox is not in sync with the Podfile.lock. Run 'pod install' or update your CocoaPods installation.\" >&2\n    exit 1\nfi\n# This output is used by Xcode 'outputs' to avoid re-running this script phase.\necho \"SUCCESS\" > \"${SCRIPT_OUTPUT_FILE_0}\"\n";
			showEnvVarsInLog = 0;
		};
		B8EE68D123876468C0372FF6 /* [CP] Check Pods Manifest.lock */ = {
			isa = PBXShellScriptBuildPhase;
			buildActionMask = 2147483647;
			files = (
			);
			inputFileListPaths = (
			);
			inputPaths = (
				"${PODS_PODFILE_DIR_PATH}/Podfile.lock",
				"${PODS_ROOT}/Manifest.lock",
			);
			name = "[CP] Check Pods Manifest.lock";
			outputFileListPaths = (
			);
			outputPaths = (
				"$(DERIVED_FILE_DIR)/Pods-DREAM CATCHTests-checkManifestLockResult.txt",
			);
			runOnlyForDeploymentPostprocessing = 0;
			shellPath = /bin/sh;
			shellScript = "diff \"${PODS_PODFILE_DIR_PATH}/Podfile.lock\" \"${PODS_ROOT}/Manifest.lock\" > /dev/null\nif [ $? != 0 ] ; then\n    # print error to STDERR\n    echo \"error: The sandbox is not in sync with the Podfile.lock. Run 'pod install' or update your CocoaPods installation.\" >&2\n    exit 1\nfi\n# This output is used by Xcode 'outputs' to avoid re-running this script phase.\necho \"SUCCESS\" > \"${SCRIPT_OUTPUT_FILE_0}\"\n";
			showEnvVarsInLog = 0;
		};
/* End PBXShellScriptBuildPhase section */

/* Begin PBXSourcesBuildPhase section */
		B0827B902636593800F02744 /* Sources */ = {
			isa = PBXSourcesBuildPhase;
			buildActionMask = 2147483647;
			files = (
				B0F7F7B6263C1A3D00F33063 /* SearchViewController.swift in Sources */,
				B0AA19A9263A8F010064E637 /* AttentionCell.swift in Sources */,
				B08575D72637AB0500583DCE /* DreamViewController.swift in Sources */,
				B0AA196526394B240064E637 /* Channel.swift in Sources */,
				B0AA193C263928290064E637 /* VideoListCell.swift in Sources */,
				B0AA193626391D0E0064E637 /* YoutubeListViewController.swift in Sources */,
				B08575DC2637AC4E00583DCE /* WhatViewController.swift in Sources */,
				B0AA195526393BC70064E637 /* Video.swift in Sources */,
				B08575E12637AC7600583DCE /* WantViewController.swift in Sources */,
				B0AA19C8263AA8440064E637 /* YoutubeViewController.swift in Sources */,
				B0AA196B2639723E0064E637 /* API.swift in Sources */,
				B0827B9C2636593800F02744 /* ViewController.swift in Sources */,
				B0AA19AE263A99970064E637 /* AttentionCollectionViewCell.swift in Sources */,
				B0827B982636593800F02744 /* AppDelegate.swift in Sources */,
				B0827B9A2636593800F02744 /* SceneDelegate.swift in Sources */,
				B050E745263D25650056B661 /* QuotationsViewController.swift in Sources */,
			);
			runOnlyForDeploymentPostprocessing = 0;
		};
		B0827BA62636593C00F02744 /* Sources */ = {
			isa = PBXSourcesBuildPhase;
			buildActionMask = 2147483647;
			files = (
				B0827BAF2636593C00F02744 /* DREAM_CATCHTests.swift in Sources */,
			);
			runOnlyForDeploymentPostprocessing = 0;
		};
		B0827BB12636593C00F02744 /* Sources */ = {
			isa = PBXSourcesBuildPhase;
			buildActionMask = 2147483647;
			files = (
				B0827BBA2636593C00F02744 /* DREAM_CATCHUITests.swift in Sources */,
			);
			runOnlyForDeploymentPostprocessing = 0;
		};
/* End PBXSourcesBuildPhase section */

/* Begin PBXTargetDependency section */
		B0827BAC2636593C00F02744 /* PBXTargetDependency */ = {
			isa = PBXTargetDependency;
			target = B0827B932636593800F02744 /* DREAM CATCH */;
			targetProxy = B0827BAB2636593C00F02744 /* PBXContainerItemProxy */;
		};
		B0827BB72636593C00F02744 /* PBXTargetDependency */ = {
			isa = PBXTargetDependency;
			target = B0827B932636593800F02744 /* DREAM CATCH */;
			targetProxy = B0827BB62636593C00F02744 /* PBXContainerItemProxy */;
		};
/* End PBXTargetDependency section */

/* Begin PBXVariantGroup section */
		B0827B9D2636593800F02744 /* Main.storyboard */ = {
			isa = PBXVariantGroup;
			children = (
				B0827B9E2636593800F02744 /* Base */,
			);
			name = Main.storyboard;
			sourceTree = "<group>";
		};
		B0827BA22636593C00F02744 /* LaunchScreen.storyboard */ = {
			isa = PBXVariantGroup;
			children = (
				B0827BA32636593C00F02744 /* Base */,
			);
			name = LaunchScreen.storyboard;
			sourceTree = "<group>";
		};
/* End PBXVariantGroup section */

/* Begin XCBuildConfiguration section */
		B0827BBC2636593C00F02744 /* Debug */ = {
			isa = XCBuildConfiguration;
			buildSettings = {
				ALWAYS_SEARCH_USER_PATHS = NO;
				CLANG_ANALYZER_NONNULL = YES;
				CLANG_ANALYZER_NUMBER_OBJECT_CONVERSION = YES_AGGRESSIVE;
				CLANG_CXX_LANGUAGE_STANDARD = "gnu++14";
				CLANG_CXX_LIBRARY = "libc++";
				CLANG_ENABLE_MODULES = YES;
				CLANG_ENABLE_OBJC_ARC = YES;
				CLANG_ENABLE_OBJC_WEAK = YES;
				CLANG_WARN_BLOCK_CAPTURE_AUTORELEASING = YES;
				CLANG_WARN_BOOL_CONVERSION = YES;
				CLANG_WARN_COMMA = YES;
				CLANG_WARN_CONSTANT_CONVERSION = YES;
				CLANG_WARN_DEPRECATED_OBJC_IMPLEMENTATIONS = YES;
				CLANG_WARN_DIRECT_OBJC_ISA_USAGE = YES_ERROR;
				CLANG_WARN_DOCUMENTATION_COMMENTS = YES;
				CLANG_WARN_EMPTY_BODY = YES;
				CLANG_WARN_ENUM_CONVERSION = YES;
				CLANG_WARN_INFINITE_RECURSION = YES;
				CLANG_WARN_INT_CONVERSION = YES;
				CLANG_WARN_NON_LITERAL_NULL_CONVERSION = YES;
				CLANG_WARN_OBJC_IMPLICIT_RETAIN_SELF = YES;
				CLANG_WARN_OBJC_LITERAL_CONVERSION = YES;
				CLANG_WARN_OBJC_ROOT_CLASS = YES_ERROR;
				CLANG_WARN_QUOTED_INCLUDE_IN_FRAMEWORK_HEADER = YES;
				CLANG_WARN_RANGE_LOOP_ANALYSIS = YES;
				CLANG_WARN_STRICT_PROTOTYPES = YES;
				CLANG_WARN_SUSPICIOUS_MOVE = YES;
				CLANG_WARN_UNGUARDED_AVAILABILITY = YES_AGGRESSIVE;
				CLANG_WARN_UNREACHABLE_CODE = YES;
				CLANG_WARN__DUPLICATE_METHOD_MATCH = YES;
				COPY_PHASE_STRIP = NO;
				DEBUG_INFORMATION_FORMAT = dwarf;
				ENABLE_STRICT_OBJC_MSGSEND = YES;
				ENABLE_TESTABILITY = YES;
				GCC_C_LANGUAGE_STANDARD = gnu11;
				GCC_DYNAMIC_NO_PIC = NO;
				GCC_NO_COMMON_BLOCKS = YES;
				GCC_OPTIMIZATION_LEVEL = 0;
				GCC_PREPROCESSOR_DEFINITIONS = (
					"DEBUG=1",
					"$(inherited)",
				);
				GCC_WARN_64_TO_32_BIT_CONVERSION = YES;
				GCC_WARN_ABOUT_RETURN_TYPE = YES_ERROR;
				GCC_WARN_UNDECLARED_SELECTOR = YES;
				GCC_WARN_UNINITIALIZED_AUTOS = YES_AGGRESSIVE;
				GCC_WARN_UNUSED_FUNCTION = YES;
				GCC_WARN_UNUSED_VARIABLE = YES;
				IPHONEOS_DEPLOYMENT_TARGET = 14.4;
				MTL_ENABLE_DEBUG_INFO = INCLUDE_SOURCE;
				MTL_FAST_MATH = YES;
				ONLY_ACTIVE_ARCH = YES;
				SDKROOT = iphoneos;
				SWIFT_ACTIVE_COMPILATION_CONDITIONS = DEBUG;
				SWIFT_OPTIMIZATION_LEVEL = "-Onone";
			};
			name = Debug;
		};
		B0827BBD2636593C00F02744 /* Release */ = {
			isa = XCBuildConfiguration;
			buildSettings = {
				ALWAYS_SEARCH_USER_PATHS = NO;
				CLANG_ANALYZER_NONNULL = YES;
				CLANG_ANALYZER_NUMBER_OBJECT_CONVERSION = YES_AGGRESSIVE;
				CLANG_CXX_LANGUAGE_STANDARD = "gnu++14";
				CLANG_CXX_LIBRARY = "libc++";
				CLANG_ENABLE_MODULES = YES;
				CLANG_ENABLE_OBJC_ARC = YES;
				CLANG_ENABLE_OBJC_WEAK = YES;
				CLANG_WARN_BLOCK_CAPTURE_AUTORELEASING = YES;
				CLANG_WARN_BOOL_CONVERSION = YES;
				CLANG_WARN_COMMA = YES;
				CLANG_WARN_CONSTANT_CONVERSION = YES;
				CLANG_WARN_DEPRECATED_OBJC_IMPLEMENTATIONS = YES;
				CLANG_WARN_DIRECT_OBJC_ISA_USAGE = YES_ERROR;
				CLANG_WARN_DOCUMENTATION_COMMENTS = YES;
				CLANG_WARN_EMPTY_BODY = YES;
				CLANG_WARN_ENUM_CONVERSION = YES;
				CLANG_WARN_INFINITE_RECURSION = YES;
				CLANG_WARN_INT_CONVERSION = YES;
				CLANG_WARN_NON_LITERAL_NULL_CONVERSION = YES;
				CLANG_WARN_OBJC_IMPLICIT_RETAIN_SELF = YES;
				CLANG_WARN_OBJC_LITERAL_CONVERSION = YES;
				CLANG_WARN_OBJC_ROOT_CLASS = YES_ERROR;
				CLANG_WARN_QUOTED_INCLUDE_IN_FRAMEWORK_HEADER = YES;
				CLANG_WARN_RANGE_LOOP_ANALYSIS = YES;
				CLANG_WARN_STRICT_PROTOTYPES = YES;
				CLANG_WARN_SUSPICIOUS_MOVE = YES;
				CLANG_WARN_UNGUARDED_AVAILABILITY = YES_AGGRESSIVE;
				CLANG_WARN_UNREACHABLE_CODE = YES;
				CLANG_WARN__DUPLICATE_METHOD_MATCH = YES;
				COPY_PHASE_STRIP = NO;
				DEBUG_INFORMATION_FORMAT = "dwarf-with-dsym";
				ENABLE_NS_ASSERTIONS = NO;
				ENABLE_STRICT_OBJC_MSGSEND = YES;
				GCC_C_LANGUAGE_STANDARD = gnu11;
				GCC_NO_COMMON_BLOCKS = YES;
				GCC_WARN_64_TO_32_BIT_CONVERSION = YES;
				GCC_WARN_ABOUT_RETURN_TYPE = YES_ERROR;
				GCC_WARN_UNDECLARED_SELECTOR = YES;
				GCC_WARN_UNINITIALIZED_AUTOS = YES_AGGRESSIVE;
				GCC_WARN_UNUSED_FUNCTION = YES;
				GCC_WARN_UNUSED_VARIABLE = YES;
				IPHONEOS_DEPLOYMENT_TARGET = 14.4;
				MTL_ENABLE_DEBUG_INFO = NO;
				MTL_FAST_MATH = YES;
				SDKROOT = iphoneos;
				SWIFT_COMPILATION_MODE = wholemodule;
				SWIFT_OPTIMIZATION_LEVEL = "-O";
				VALIDATE_PRODUCT = YES;
			};
			name = Release;
		};
		B0827BBF2636593C00F02744 /* Debug */ = {
			isa = XCBuildConfiguration;
			baseConfigurationReference = 4F4F3BCAEF6307609512AC1F /* Pods-DREAM CATCH.debug.xcconfig */;
			buildSettings = {
				ASSETCATALOG_COMPILER_APPICON_NAME = AppIcon;
				ASSETCATALOG_COMPILER_GLOBAL_ACCENT_COLOR_NAME = AccentColor;
				CODE_SIGN_STYLE = Automatic;
				DEVELOPMENT_TEAM = 5W8V7NL45W;
				INFOPLIST_FILE = "DREAM CATCH/Info.plist";
				LD_RUNPATH_SEARCH_PATHS = (
					"$(inherited)",
					"@executable_path/Frameworks",
				);
				PRODUCT_BUNDLE_IDENTIFIER = "com.takano.DREAM-CATCH";
				PRODUCT_NAME = "$(TARGET_NAME)";
				SWIFT_VERSION = 5.0;
				TARGETED_DEVICE_FAMILY = "1,2";
			};
			name = Debug;
		};
		B0827BC02636593C00F02744 /* Release */ = {
			isa = XCBuildConfiguration;
			baseConfigurationReference = 4054FF994EC3E54AA204D79B /* Pods-DREAM CATCH.release.xcconfig */;
			buildSettings = {
				ASSETCATALOG_COMPILER_APPICON_NAME = AppIcon;
				ASSETCATALOG_COMPILER_GLOBAL_ACCENT_COLOR_NAME = AccentColor;
				CODE_SIGN_STYLE = Automatic;
				DEVELOPMENT_TEAM = 5W8V7NL45W;
				INFOPLIST_FILE = "DREAM CATCH/Info.plist";
				LD_RUNPATH_SEARCH_PATHS = (
					"$(inherited)",
					"@executable_path/Frameworks",
				);
				PRODUCT_BUNDLE_IDENTIFIER = "com.takano.DREAM-CATCH";
				PRODUCT_NAME = "$(TARGET_NAME)";
				SWIFT_VERSION = 5.0;
				TARGETED_DEVICE_FAMILY = "1,2";
			};
			name = Release;
		};
		B0827BC22636593C00F02744 /* Debug */ = {
			isa = XCBuildConfiguration;
			baseConfigurationReference = 17297EB6B4EE0ECACD811943 /* Pods-DREAM CATCHTests.debug.xcconfig */;
			buildSettings = {
				ALWAYS_EMBED_SWIFT_STANDARD_LIBRARIES = YES;
				BUNDLE_LOADER = "$(TEST_HOST)";
				CODE_SIGN_STYLE = Automatic;
				DEVELOPMENT_TEAM = 5W8V7NL45W;
				INFOPLIST_FILE = "DREAM CATCHTests/Info.plist";
				IPHONEOS_DEPLOYMENT_TARGET = 14.4;
				LD_RUNPATH_SEARCH_PATHS = (
					"$(inherited)",
					"@executable_path/Frameworks",
					"@loader_path/Frameworks",
				);
				PRODUCT_BUNDLE_IDENTIFIER = "com.takano.DREAM-CATCHTests";
				PRODUCT_NAME = "$(TARGET_NAME)";
				SWIFT_VERSION = 5.0;
				TARGETED_DEVICE_FAMILY = "1,2";
				TEST_HOST = "$(BUILT_PRODUCTS_DIR)/DREAM CATCH.app/DREAM CATCH";
			};
			name = Debug;
		};
		B0827BC32636593C00F02744 /* Release */ = {
			isa = XCBuildConfiguration;
			baseConfigurationReference = E1D3311B45509379D8378199 /* Pods-DREAM CATCHTests.release.xcconfig */;
			buildSettings = {
				ALWAYS_EMBED_SWIFT_STANDARD_LIBRARIES = YES;
				BUNDLE_LOADER = "$(TEST_HOST)";
				CODE_SIGN_STYLE = Automatic;
				DEVELOPMENT_TEAM = 5W8V7NL45W;
				INFOPLIST_FILE = "DREAM CATCHTests/Info.plist";
				IPHONEOS_DEPLOYMENT_TARGET = 14.4;
				LD_RUNPATH_SEARCH_PATHS = (
					"$(inherited)",
					"@executable_path/Frameworks",
					"@loader_path/Frameworks",
				);
				PRODUCT_BUNDLE_IDENTIFIER = "com.takano.DREAM-CATCHTests";
				PRODUCT_NAME = "$(TARGET_NAME)";
				SWIFT_VERSION = 5.0;
				TARGETED_DEVICE_FAMILY = "1,2";
				TEST_HOST = "$(BUILT_PRODUCTS_DIR)/DREAM CATCH.app/DREAM CATCH";
			};
			name = Release;
		};
		B0827BC52636593C00F02744 /* Debug */ = {
			isa = XCBuildConfiguration;
			baseConfigurationReference = 4BF725FA12BF5D5364370114 /* Pods-DREAM CATCH-DREAM CATCHUITests.debug.xcconfig */;
			buildSettings = {
				ALWAYS_EMBED_SWIFT_STANDARD_LIBRARIES = YES;
				CODE_SIGN_STYLE = Automatic;
				DEVELOPMENT_TEAM = 5W8V7NL45W;
				INFOPLIST_FILE = "DREAM CATCHUITests/Info.plist";
				LD_RUNPATH_SEARCH_PATHS = (
					"$(inherited)",
					"@executable_path/Frameworks",
					"@loader_path/Frameworks",
				);
				PRODUCT_BUNDLE_IDENTIFIER = "com.takano.DREAM-CATCHUITests";
				PRODUCT_NAME = "$(TARGET_NAME)";
				SWIFT_VERSION = 5.0;
				TARGETED_DEVICE_FAMILY = "1,2";
				TEST_TARGET_NAME = "DREAM CATCH";
			};
			name = Debug;
		};
		B0827BC62636593C00F02744 /* Release */ = {
			isa = XCBuildConfiguration;
			baseConfigurationReference = 8FF650E054E610819F5D5444 /* Pods-DREAM CATCH-DREAM CATCHUITests.release.xcconfig */;
			buildSettings = {
				ALWAYS_EMBED_SWIFT_STANDARD_LIBRARIES = YES;
				CODE_SIGN_STYLE = Automatic;
				DEVELOPMENT_TEAM = 5W8V7NL45W;
				INFOPLIST_FILE = "DREAM CATCHUITests/Info.plist";
				LD_RUNPATH_SEARCH_PATHS = (
					"$(inherited)",
					"@executable_path/Frameworks",
					"@loader_path/Frameworks",
				);
				PRODUCT_BUNDLE_IDENTIFIER = "com.takano.DREAM-CATCHUITests";
				PRODUCT_NAME = "$(TARGET_NAME)";
				SWIFT_VERSION = 5.0;
				TARGETED_DEVICE_FAMILY = "1,2";
				TEST_TARGET_NAME = "DREAM CATCH";
			};
			name = Release;
		};
/* End XCBuildConfiguration section */

/* Begin XCConfigurationList section */
		B0827B8F2636593800F02744 /* Build configuration list for PBXProject "DREAM CATCH" */ = {
			isa = XCConfigurationList;
			buildConfigurations = (
				B0827BBC2636593C00F02744 /* Debug */,
				B0827BBD2636593C00F02744 /* Release */,
			);
			defaultConfigurationIsVisible = 0;
			defaultConfigurationName = Release;
		};
		B0827BBE2636593C00F02744 /* Build configuration list for PBXNativeTarget "DREAM CATCH" */ = {
			isa = XCConfigurationList;
			buildConfigurations = (
				B0827BBF2636593C00F02744 /* Debug */,
				B0827BC02636593C00F02744 /* Release */,
			);
			defaultConfigurationIsVisible = 0;
			defaultConfigurationName = Release;
		};
		B0827BC12636593C00F02744 /* Build configuration list for PBXNativeTarget "DREAM CATCHTests" */ = {
			isa = XCConfigurationList;
			buildConfigurations = (
				B0827BC22636593C00F02744 /* Debug */,
				B0827BC32636593C00F02744 /* Release */,
			);
			defaultConfigurationIsVisible = 0;
			defaultConfigurationName = Release;
		};
		B0827BC42636593C00F02744 /* Build configuration list for PBXNativeTarget "DREAM CATCHUITests" */ = {
			isa = XCConfigurationList;
			buildConfigurations = (
				B0827BC52636593C00F02744 /* Debug */,
				B0827BC62636593C00F02744 /* Release */,
			);
			defaultConfigurationIsVisible = 0;
			defaultConfigurationName = Release;
		};
/* End XCConfigurationList section */
	};
	rootObject = B0827B8C2636593800F02744 /* Project object */;
}
